# This file is @generated by PDM.
# It is not intended for manual editing.

[[package]]
name = "astral"
version = "3.2"
requires_python = ">=3.7,<4.0"
summary = "Calculations for the position of the sun and moon."
dependencies = [
    "tzdata; sys_platform == \"win32\"",
]

[[package]]
name = "geographiclib"
version = "2.0"
requires_python = ">=3.7"
summary = "The geodesic routines from GeographicLib"

[[package]]
name = "geopy"
version = "2.3.0"
requires_python = ">=3.7"
summary = "Python Geocoding Toolbox"
dependencies = [
    "geographiclib<3,>=1.52",
]

[[package]]
name = "jdcal"
version = "1.4.1"
summary = "Julian dates from proleptic Gregorian and Julian calendars."

[[package]]
name = "psutil"
version = "5.9.4"
requires_python = ">=2.7, !=3.0.*, !=3.1.*, !=3.2.*, !=3.3.*"
summary = "Cross-platform lib for process and system monitoring in Python."

[[package]]
name = "tzdata"
version = "2022.7"
requires_python = ">=2"
summary = "Provider of IANA time zone data"

[metadata]
lock_version = "4.1"
content_hash = "sha256:264ad12b1d7160af199fcfed93dc0dd5da7621cf5c0560de13f76991f517d3e2"

[metadata.files]
"astral 3.2" = [
    {url = "https://files.pythonhosted.org/packages/04/d1/1adbf06a38dc339e41a1666f6c7135924594c20fd46e060fb263248c564d/astral-3.2.tar.gz", hash = "sha256:9b7c3b412e9e69d172cfb24be0e6addcc9f1bd01a28db8bebe66d75ccc533d88"},
    {url = "https://files.pythonhosted.org/packages/2d/80/d6edd9c3259913cfe39aff2bea4da65de5ad0235a578405e37aabace5f2c/astral-3.2-py3-none-any.whl", hash = "sha256:cb7b49a3f0d4c64ae666be131276d2a3226134c598db10e672028cf8ff855f83"},
]
"geographiclib 2.0" = [
    {url = "https://files.pythonhosted.org/packages/96/cd/90271fd195d79a9c2af0ca21632b297a6cc3e852e0413a2e4519e67be213/geographiclib-2.0.tar.gz", hash = "sha256:f7f41c85dc3e1c2d3d935ec86660dc3b2c848c83e17f9a9e51ba9d5146a15859"},
    {url = "https://files.pythonhosted.org/packages/9f/5a/a26132406f1f40cf51ea349a5f11b0a46cec02a2031ff82e391c2537247a/geographiclib-2.0-py3-none-any.whl", hash = "sha256:6b7225248e45ff7edcee32becc4e0a1504c606ac5ee163a5656d482e0cd38734"},
]
"geopy 2.3.0" = [
    {url = "https://files.pythonhosted.org/packages/b5/a7/3f45be21951e48e0f367b1c87b7e00d3a9cd054bee8b6e13a35b0f652c6f/geopy-2.3.0.tar.gz", hash = "sha256:228cd53b6eef699b2289d1172e462a90d5057779a10388a7366291812601187f"},
    {url = "https://files.pythonhosted.org/packages/e4/00/6313c0ffdd230164890f433019749189e0b884562bdc170e9c3a3454b3a6/geopy-2.3.0-py3-none-any.whl", hash = "sha256:4a29a16d41d8e56ba8e07310802a1cbdf098eeb6069cc3d6d3068fc770629ffc"},
]
"jdcal 1.4.1" = [
    {url = "https://files.pythonhosted.org/packages/7b/b0/fa20fce23e9c3b55b640e629cb5edf32a85e6af3cf7af599940eb0c753fe/jdcal-1.4.1.tar.gz", hash = "sha256:472872e096eb8df219c23f2689fc336668bdb43d194094b5cc1707e1640acfc8"},
    {url = "https://files.pythonhosted.org/packages/f0/da/572cbc0bc582390480bbd7c4e93d14dc46079778ed915b505dc494b37c57/jdcal-1.4.1-py2.py3-none-any.whl", hash = "sha256:1abf1305fce18b4e8aa248cf8fe0c56ce2032392bc64bbd61b5dff2a19ec8bba"},
]
"psutil 5.9.4" = [
    {url = "https://files.pythonhosted.org/packages/1d/80/e1502ba4ff65390bd17b4612010762075f64f5a0e7c28e889c4820bd95a9/psutil-5.9.4-cp27-cp27m-manylinux2010_x86_64.whl", hash = "sha256:3ff89f9b835100a825b14c2808a106b6fdcc4b15483141482a12c725e7f78549"},
    {url = "https://files.pythonhosted.org/packages/25/6e/ba97809175c90cbdcd33b470e466ebf0854d15d1506e605cc0ddd284d5b6/psutil-5.9.4-cp36-abi3-win_amd64.whl", hash = "sha256:fd8522436a6ada7b4aad6638662966de0d61d241cb821239b2ae7013d41a43d4"},
    {url = "https://files.pythonhosted.org/packages/3d/7d/d05864a69e452f003c0d77e728e155a89a2a26b09e64860ddd70ad64fb26/psutil-5.9.4.tar.gz", hash = "sha256:3d7f9739eb435d4b1338944abe23f49584bde5395f27487d2ee25ad9a8774a62"},
    {url = "https://files.pythonhosted.org/packages/3e/af/fe14b984e8b0f778d502d387b789d846cb2fcc3989f63be942741266d8c8/psutil-5.9.4-cp36-abi3-win32.whl", hash = "sha256:149555f59a69b33f056ba1c4eb22bb7bf24332ce631c44a319cec09f876aaeff"},
    {url = "https://files.pythonhosted.org/packages/53/ae/536719016fe9399187dbf52cdc65aef942f82b75924495918a2f701bcb77/psutil-5.9.4-cp27-cp27m-win32.whl", hash = "sha256:852dd5d9f8a47169fe62fd4a971aa07859476c2ba22c2254d4a1baa4e10b95ad"},
    {url = "https://files.pythonhosted.org/packages/5a/37/ef88eed265d93bc28c681316f68762c5e04167519e5627a0187c8878b409/psutil-5.9.4-cp36-abi3-manylinux_2_12_i686.manylinux2010_i686.manylinux_2_17_i686.manylinux2014_i686.whl", hash = "sha256:16653106f3b59386ffe10e0bad3bb6299e169d5327d3f187614b1cb8f24cf2e1"},
    {url = "https://files.pythonhosted.org/packages/60/f8/b92fecd5297edcecda825a04dfde7cb0a2ecd178eb976cb5a7956e375c6a/psutil-5.9.4-cp27-cp27m-macosx_10_9_x86_64.whl", hash = "sha256:c1ca331af862803a42677c120aff8a814a804e09832f166f226bfd22b56feee8"},
    {url = "https://files.pythonhosted.org/packages/6e/c8/784968329c1c67c28cce91991ef9af8a8913aa5a3399a6a8954b1380572f/psutil-5.9.4-cp36-abi3-manylinux_2_12_x86_64.manylinux2010_x86_64.manylinux_2_17_x86_64.manylinux2014_x86_64.whl", hash = "sha256:54c0d3d8e0078b7666984e11b12b88af2db11d11249a8ac8920dd5ef68a66e08"},
    {url = "https://files.pythonhosted.org/packages/79/26/f026804298b933b11640cc2d15155a545805df732e5ead3a2ad7cf45a38b/psutil-5.9.4-cp38-abi3-macosx_11_0_arm64.whl", hash = "sha256:6001c809253a29599bc0dfd5179d9f8a5779f9dffea1da0f13c53ee568115e1e"},
    {url = "https://files.pythonhosted.org/packages/89/a8/dd2f0866a7e87de751fb5f7c6eca99cbb953c81be76e1814ab3c8c3b0908/psutil-5.9.4-cp27-cp27mu-manylinux2010_x86_64.whl", hash = "sha256:efeae04f9516907be44904cc7ce08defb6b665128992a56957abc9b61dca94b7"},
    {url = "https://files.pythonhosted.org/packages/8e/6b/9a3a5471b74d92dc85bfd71a7f7a55e013b258d86b4c3826ace9d49f7b8c/psutil-5.9.4-cp27-cp27m-manylinux2010_i686.whl", hash = "sha256:68908971daf802203f3d37e78d3f8831b6d1014864d7a85937941bb35f09aefe"},
    {url = "https://files.pythonhosted.org/packages/99/9c/7a5761f9d2e79e6f781db5b25eeb9e74c2dc533bc52ee4749cb055a32ce9/psutil-5.9.4-cp27-cp27m-win_amd64.whl", hash = "sha256:9120cd39dca5c5e1c54b59a41d205023d436799b1c8c4d3ff71af18535728e94"},
    {url = "https://files.pythonhosted.org/packages/a5/73/35cea01aad1baf901c915dc95ea33a2f271c8ff8cf2f1c73b7f591f1bdf1/psutil-5.9.4-cp36-abi3-macosx_10_9_x86_64.whl", hash = "sha256:54d5b184728298f2ca8567bf83c422b706200bcbbfafdc06718264f9393cfeb7"},
    {url = "https://files.pythonhosted.org/packages/ec/be/b8df2071eda861e65a1b2cec35770bb1f4523737e84a10aa41c53e39e9bc/psutil-5.9.4-cp27-cp27mu-manylinux2010_i686.whl", hash = "sha256:6b92c532979bafc2df23ddc785ed116fced1f492ad90a6830cf24f4d1ea27d24"},
]
"tzdata 2022.7" = [
    {url = "https://files.pythonhosted.org/packages/5b/30/b7abfb11be6642d26de1c1840d25e8d90333513350ad0ebc03101d55e13b/tzdata-2022.7.tar.gz", hash = "sha256:fe5f866eddd8b96e9fcba978f8e503c909b19ea7efda11e52e39494bad3a7bfa"},
    {url = "https://files.pythonhosted.org/packages/fa/5e/f99a7df3ae2079211d31ec23b1d34380c7870c26e99159f6e422dcbab538/tzdata-2022.7-py2.py3-none-any.whl", hash = "sha256:2b88858b0e3120792a3c0635c23daf36a7d7eeeca657c323da299d2094402a0d"},
]
